
Microsoft Visual Studio Solution File, Format Version 12.00
Project("{FAE04EC0-301F-11D3-BF4B-00C04F79EFBC}") = "eQuantic.Core.Api.Crud", "src\eQuantic.Core.Api.Crud\eQuantic.Core.Api.Crud.csproj", "{21207471-9BEF-48BD-8854-DDB2E4B4D3BE}"
EndProject
Project("{2150E333-8FDC-42A3-9474-1A3956D46DE8}") = "src", "src", "{EC635AF0-5609-4BF4-8B16-E2CBF1EB6A48}"
EndProject
Project("{2150E333-8FDC-42A3-9474-1A3956D46DE8}") = "root", "root", "{ECE438C5-64A5-4F54-BCC3-496F2C131090}"
	ProjectSection(SolutionItems) = preProject
		.gitignore = .gitignore
		NuGet.Config = NuGet.Config
		LICENSE = LICENSE
		README.md = README.md
	EndProjectSection
EndProject
Project("{2150E333-8FDC-42A3-9474-1A3956D46DE8}") = "github", "github", "{3080CE4F-8079-4FB6-B164-46A5CE130E87}"
EndProject
Project("{2150E333-8FDC-42A3-9474-1A3956D46DE8}") = "workflows", "workflows", "{55FBF767-92FE-49F8-8B95-4E4996FEF374}"
	ProjectSection(SolutionItems) = preProject
		.github\workflows\dotnetcore.yml = .github\workflows\dotnetcore.yml
	EndProjectSection
EndProject
Project("{FAE04EC0-301F-11D3-BF4B-00C04F79EFBC}") = "eQuantic.Core.Application.Crud", "src\eQuantic.Core.Application.Crud\eQuantic.Core.Application.Crud.csproj", "{A9140C8B-B58C-4891-A11B-51C3FDAC1BB5}"
EndProject
Project("{FAE04EC0-301F-11D3-BF4B-00C04F79EFBC}") = "eQuantic.Core.Application", "src\eQuantic.Core.Application\eQuantic.Core.Application.csproj", "{2AB85F50-CEC6-45ED-977D-1C62070D713F}"
EndProject
Project("{FAE04EC0-301F-11D3-BF4B-00C04F79EFBC}") = "eQuantic.Core.Api", "src\eQuantic.Core.Api\eQuantic.Core.Api.csproj", "{D402D6A2-088B-4B5B-96FE-ECD4B0DA61FC}"
EndProject
Project("{FAE04EC0-301F-11D3-BF4B-00C04F79EFBC}") = "eQuantic.Core.Api.Sample", "src\eQuantic.Core.Api.Sample\eQuantic.Core.Api.Sample.csproj", "{49EA7AF3-9E47-4E27-97E8-D926425576F2}"
EndProject
Project("{2150E333-8FDC-42A3-9474-1A3956D46DE8}") = "sample", "sample", "{50366770-0B0A-427F-927D-E2E51D917A9A}"
EndProject
Project("{FAE04EC0-301F-11D3-BF4B-00C04F79EFBC}") = "eQuantic.Core.Persistence", "src\eQuantic.Core.Persistence\eQuantic.Core.Persistence.csproj", "{C3C6619B-B0C8-4CA9-9291-2F3D9E26635D}"
EndProject
Project("{FAE04EC0-301F-11D3-BF4B-00C04F79EFBC}") = "eQuantic.Core.Api.Crud.Client", "src\eQuantic.Core.Api.Crud.Client\eQuantic.Core.Api.Crud.Client.csproj", "{1AC8C6EB-A1E0-4787-B86E-CF2BC45769DA}"
EndProject
Project("{FAE04EC0-301F-11D3-BF4B-00C04F79EFBC}") = "eQuantic.Core.Api.Error", "src\eQuantic.Core.Api.Error\eQuantic.Core.Api.Error.csproj", "{E7002AE3-D3F0-4877-9619-099E6BCFC881}"
EndProject
Project("{FAE04EC0-301F-11D3-BF4B-00C04F79EFBC}") = "eQuantic.Core.Exceptions", "src\eQuantic.Core.Exceptions\eQuantic.Core.Exceptions.csproj", "{E42A86D6-9ABA-4DD6-AB68-50C4658E235D}"
EndProject
Project("{2150E333-8FDC-42A3-9474-1A3956D46DE8}") = "Api", "Api", "{63636064-E354-4429-B59F-E97BF78C4261}"
EndProject
Project("{2150E333-8FDC-42A3-9474-1A3956D46DE8}") = "Application", "Application", "{FA57A1E6-2DBB-410C-90C4-96085E3462E2}"
EndProject
Project("{FAE04EC0-301F-11D3-BF4B-00C04F79EFBC}") = "eQuantic.Core.Api.Client", "src\eQuantic.Core.Api.Client\eQuantic.Core.Api.Client.csproj", "{5E318145-995D-4F76-9D2C-03D0BC8807ED}"
EndProject
Project("{FAE04EC0-301F-11D3-BF4B-00C04F79EFBC}") = "eQuantic.Core.Domain", "src\eQuantic.Core.Domain\eQuantic.Core.Domain.csproj", "{D17AE2BD-964C-4D51-A44A-6D35A3B750C1}"
EndProject
Global
	GlobalSection(SolutionConfigurationPlatforms) = preSolution
		Debug|Any CPU = Debug|Any CPU
		Release|Any CPU = Release|Any CPU
	EndGlobalSection
	GlobalSection(ProjectConfigurationPlatforms) = postSolution
		{21207471-9BEF-48BD-8854-DDB2E4B4D3BE}.Debug|Any CPU.ActiveCfg = Debug|Any CPU
		{21207471-9BEF-48BD-8854-DDB2E4B4D3BE}.Debug|Any CPU.Build.0 = Debug|Any CPU
		{21207471-9BEF-48BD-8854-DDB2E4B4D3BE}.Release|Any CPU.ActiveCfg = Release|Any CPU
		{21207471-9BEF-48BD-8854-DDB2E4B4D3BE}.Release|Any CPU.Build.0 = Release|Any CPU
		{A9140C8B-B58C-4891-A11B-51C3FDAC1BB5}.Debug|Any CPU.ActiveCfg = Debug|Any CPU
		{A9140C8B-B58C-4891-A11B-51C3FDAC1BB5}.Debug|Any CPU.Build.0 = Debug|Any CPU
		{A9140C8B-B58C-4891-A11B-51C3FDAC1BB5}.Release|Any CPU.ActiveCfg = Release|Any CPU
		{A9140C8B-B58C-4891-A11B-51C3FDAC1BB5}.Release|Any CPU.Build.0 = Release|Any CPU
		{2AB85F50-CEC6-45ED-977D-1C62070D713F}.Debug|Any CPU.ActiveCfg = Debug|Any CPU
		{2AB85F50-CEC6-45ED-977D-1C62070D713F}.Debug|Any CPU.Build.0 = Debug|Any CPU
		{2AB85F50-CEC6-45ED-977D-1C62070D713F}.Release|Any CPU.ActiveCfg = Release|Any CPU
		{2AB85F50-CEC6-45ED-977D-1C62070D713F}.Release|Any CPU.Build.0 = Release|Any CPU
		{D402D6A2-088B-4B5B-96FE-ECD4B0DA61FC}.Debug|Any CPU.ActiveCfg = Debug|Any CPU
		{D402D6A2-088B-4B5B-96FE-ECD4B0DA61FC}.Debug|Any CPU.Build.0 = Debug|Any CPU
		{D402D6A2-088B-4B5B-96FE-ECD4B0DA61FC}.Release|Any CPU.ActiveCfg = Release|Any CPU
		{D402D6A2-088B-4B5B-96FE-ECD4B0DA61FC}.Release|Any CPU.Build.0 = Release|Any CPU
		{49EA7AF3-9E47-4E27-97E8-D926425576F2}.Debug|Any CPU.ActiveCfg = Debug|Any CPU
		{49EA7AF3-9E47-4E27-97E8-D926425576F2}.Debug|Any CPU.Build.0 = Debug|Any CPU
		{49EA7AF3-9E47-4E27-97E8-D926425576F2}.Release|Any CPU.ActiveCfg = Release|Any CPU
		{49EA7AF3-9E47-4E27-97E8-D926425576F2}.Release|Any CPU.Build.0 = Release|Any CPU
		{C3C6619B-B0C8-4CA9-9291-2F3D9E26635D}.Debug|Any CPU.ActiveCfg = Debug|Any CPU
		{C3C6619B-B0C8-4CA9-9291-2F3D9E26635D}.Debug|Any CPU.Build.0 = Debug|Any CPU
		{C3C6619B-B0C8-4CA9-9291-2F3D9E26635D}.Release|Any CPU.ActiveCfg = Release|Any CPU
		{C3C6619B-B0C8-4CA9-9291-2F3D9E26635D}.Release|Any CPU.Build.0 = Release|Any CPU
		{1AC8C6EB-A1E0-4787-B86E-CF2BC45769DA}.Debug|Any CPU.ActiveCfg = Debug|Any CPU
		{1AC8C6EB-A1E0-4787-B86E-CF2BC45769DA}.Debug|Any CPU.Build.0 = Debug|Any CPU
		{1AC8C6EB-A1E0-4787-B86E-CF2BC45769DA}.Release|Any CPU.ActiveCfg = Release|Any CPU
		{1AC8C6EB-A1E0-4787-B86E-CF2BC45769DA}.Release|Any CPU.Build.0 = Release|Any CPU
		{E7002AE3-D3F0-4877-9619-099E6BCFC881}.Debug|Any CPU.ActiveCfg = Debug|Any CPU
		{E7002AE3-D3F0-4877-9619-099E6BCFC881}.Debug|Any CPU.Build.0 = Debug|Any CPU
		{E7002AE3-D3F0-4877-9619-099E6BCFC881}.Release|Any CPU.ActiveCfg = Release|Any CPU
		{E7002AE3-D3F0-4877-9619-099E6BCFC881}.Release|Any CPU.Build.0 = Release|Any CPU
		{E42A86D6-9ABA-4DD6-AB68-50C4658E235D}.Debug|Any CPU.ActiveCfg = Debug|Any CPU
		{E42A86D6-9ABA-4DD6-AB68-50C4658E235D}.Debug|Any CPU.Build.0 = Debug|Any CPU
		{E42A86D6-9ABA-4DD6-AB68-50C4658E235D}.Release|Any CPU.ActiveCfg = Release|Any CPU
		{E42A86D6-9ABA-4DD6-AB68-50C4658E235D}.Release|Any CPU.Build.0 = Release|Any CPU
		{5E318145-995D-4F76-9D2C-03D0BC8807ED}.Debug|Any CPU.ActiveCfg = Debug|Any CPU
		{5E318145-995D-4F76-9D2C-03D0BC8807ED}.Debug|Any CPU.Build.0 = Debug|Any CPU
		{5E318145-995D-4F76-9D2C-03D0BC8807ED}.Release|Any CPU.ActiveCfg = Release|Any CPU
		{5E318145-995D-4F76-9D2C-03D0BC8807ED}.Release|Any CPU.Build.0 = Release|Any CPU
		{D17AE2BD-964C-4D51-A44A-6D35A3B750C1}.Debug|Any CPU.ActiveCfg = Debug|Any CPU
		{D17AE2BD-964C-4D51-A44A-6D35A3B750C1}.Debug|Any CPU.Build.0 = Debug|Any CPU
		{D17AE2BD-964C-4D51-A44A-6D35A3B750C1}.Release|Any CPU.ActiveCfg = Release|Any CPU
		{D17AE2BD-964C-4D51-A44A-6D35A3B750C1}.Release|Any CPU.Build.0 = Release|Any CPU
	EndGlobalSection
	GlobalSection(NestedProjects) = preSolution
		{3080CE4F-8079-4FB6-B164-46A5CE130E87} = {ECE438C5-64A5-4F54-BCC3-496F2C131090}
		{55FBF767-92FE-49F8-8B95-4E4996FEF374} = {3080CE4F-8079-4FB6-B164-46A5CE130E87}
		{50366770-0B0A-427F-927D-E2E51D917A9A} = {EC635AF0-5609-4BF4-8B16-E2CBF1EB6A48}
		{49EA7AF3-9E47-4E27-97E8-D926425576F2} = {50366770-0B0A-427F-927D-E2E51D917A9A}
		{C3C6619B-B0C8-4CA9-9291-2F3D9E26635D} = {EC635AF0-5609-4BF4-8B16-E2CBF1EB6A48}
		{E42A86D6-9ABA-4DD6-AB68-50C4658E235D} = {EC635AF0-5609-4BF4-8B16-E2CBF1EB6A48}
		{63636064-E354-4429-B59F-E97BF78C4261} = {EC635AF0-5609-4BF4-8B16-E2CBF1EB6A48}
		{D402D6A2-088B-4B5B-96FE-ECD4B0DA61FC} = {63636064-E354-4429-B59F-E97BF78C4261}
		{21207471-9BEF-48BD-8854-DDB2E4B4D3BE} = {63636064-E354-4429-B59F-E97BF78C4261}
		{1AC8C6EB-A1E0-4787-B86E-CF2BC45769DA} = {63636064-E354-4429-B59F-E97BF78C4261}
		{FA57A1E6-2DBB-410C-90C4-96085E3462E2} = {EC635AF0-5609-4BF4-8B16-E2CBF1EB6A48}
		{2AB85F50-CEC6-45ED-977D-1C62070D713F} = {FA57A1E6-2DBB-410C-90C4-96085E3462E2}
		{A9140C8B-B58C-4891-A11B-51C3FDAC1BB5} = {FA57A1E6-2DBB-410C-90C4-96085E3462E2}
		{E7002AE3-D3F0-4877-9619-099E6BCFC881} = {63636064-E354-4429-B59F-E97BF78C4261}
		{5E318145-995D-4F76-9D2C-03D0BC8807ED} = {63636064-E354-4429-B59F-E97BF78C4261}
		{D17AE2BD-964C-4D51-A44A-6D35A3B750C1} = {FA57A1E6-2DBB-410C-90C4-96085E3462E2}
	EndGlobalSection
EndGlobal
